
Microsoft Visual Studio Solution File, Format Version 12.00
# Visual Studio Version 17
VisualStudioVersion = 17.0.31903.59
MinimumVisualStudioVersion = 10.0.40219.1
Project("{FAE04EC0-301F-11D3-BF4B-00C04F79EFBC}") = "API", "API\API.csproj", "{5665D22B-611D-458F-B6F0-83CCF62F2CBA}"
EndProject
Project("{FAE04EC0-301F-11D3-BF4B-00C04F79EFBC}") = "Core", "Core\Core.csproj", "{87BB8FDD-3F06-488F-917D-20D6A8F96783}"
EndProject
Project("{FAE04EC0-301F-11D3-BF4B-00C04F79EFBC}") = "Infrastructure", "Infrastructure\Infrastructure.csproj", "{7A6BD9D1-1718-443F-9BBE-5DF3FC867ECF}"
EndProject
Global
	GlobalSection(SolutionConfigurationPlatforms) = preSolution
		Debug|Any CPU = Debug|Any CPU
		Release|Any CPU = Release|Any CPU
	EndGlobalSection
	GlobalSection(SolutionProperties) = preSolution
		HideSolutionNode = FALSE
	EndGlobalSection
	GlobalSection(ProjectConfigurationPlatforms) = postSolution
		{5665D22B-611D-458F-B6F0-83CCF62F2CBA}.Debug|Any CPU.ActiveCfg = Debug|Any CPU
		{5665D22B-611D-458F-B6F0-83CCF62F2CBA}.Debug|Any CPU.Build.0 = Debug|Any CPU
		{5665D22B-611D-458F-B6F0-83CCF62F2CBA}.Release|Any CPU.ActiveCfg = Release|Any CPU
		{5665D22B-611D-458F-B6F0-83CCF62F2CBA}.Release|Any CPU.Build.0 = Release|Any CPU
		{87BB8FDD-3F06-488F-917D-20D6A8F96783}.Debug|Any CPU.ActiveCfg = Debug|Any CPU
		{87BB8FDD-3F06-488F-917D-20D6A8F96783}.Debug|Any CPU.Build.0 = Debug|Any CPU
		{87BB8FDD-3F06-488F-917D-20D6A8F96783}.Release|Any CPU.ActiveCfg = Release|Any CPU
		{87BB8FDD-3F06-488F-917D-20D6A8F96783}.Release|Any CPU.Build.0 = Release|Any CPU
		{7A6BD9D1-1718-443F-9BBE-5DF3FC867ECF}.Debug|Any CPU.ActiveCfg = Debug|Any CPU
		{7A6BD9D1-1718-443F-9BBE-5DF3FC867ECF}.Debug|Any CPU.Build.0 = Debug|Any CPU
		{7A6BD9D1-1718-443F-9BBE-5DF3FC867ECF}.Release|Any CPU.ActiveCfg = Release|Any CPU
		{7A6BD9D1-1718-443F-9BBE-5DF3FC867ECF}.Release|Any CPU.Build.0 = Release|Any CPU
	EndGlobalSection
EndGlobal
